
Microsoft Visual Studio Solution File, Format Version 12.00
# Visual Studio Version 17
VisualStudioVersion = 17.5.33530.505
MinimumVisualStudioVersion = 10.0.40219.1
Project("{8BC9CEB8-8B4A-11D0-8D11-00A0C91BC942}") = "test_pfot", "test_pfot\test_pfot.vcxproj", "{CAB8B6BC-3694-4AC4-9830-2B3C6E9C0627}"
EndProject
Project("{8BC9CEB8-8B4A-11D0-8D11-00A0C91BC942}") = "libalgo_pfot", "..\..\..\makefiles\vs2022\libalgo_pfot\libalgo_pfot.vcxproj", "{35AF1B8E-E395-4F8B-ACA1-6529E2DB97F1}"
EndProject
Global
	GlobalSection(SolutionConfigurationPlatforms) = preSolution
		Debug|x64 = Debug|x64
		Debug|x86 = Debug|x86
		Release|x64 = Release|x64
		Release|x86 = Release|x86
	EndGlobalSection
	GlobalSection(ProjectConfigurationPlatforms) = postSolution
		{CAB8B6BC-3694-4AC4-9830-2B3C6E9C0627}.Debug|x64.ActiveCfg = Debug|x64
		{CAB8B6BC-3694-4AC4-9830-2B3C6E9C0627}.Debug|x64.Build.0 = Debug|x64
		{CAB8B6BC-3694-4AC4-9830-2B3C6E9C0627}.Debug|x86.ActiveCfg = Debug|Win32
		{CAB8B6BC-3694-4AC4-9830-2B3C6E9C0627}.Debug|x86.Build.0 = Debug|Win32
		{CAB8B6BC-3694-4AC4-9830-2B3C6E9C0627}.Release|x64.ActiveCfg = Release|x64
		{CAB8B6BC-3694-4AC4-9830-2B3C6E9C0627}.Release|x64.Build.0 = Release|x64
		{CAB8B6BC-3694-4AC4-9830-2B3C6E9C0627}.Release|x86.ActiveCfg = Release|Win32
		{CAB8B6BC-3694-4AC4-9830-2B3C6E9C0627}.Release|x86.Build.0 = Release|Win32
		{35AF1B8E-E395-4F8B-ACA1-6529E2DB97F1}.Debug|x64.ActiveCfg = Debug|x64
		{35AF1B8E-E395-4F8B-ACA1-6529E2DB97F1}.Debug|x64.Build.0 = Debug|x64
		{35AF1B8E-E395-4F8B-ACA1-6529E2DB97F1}.Debug|x86.ActiveCfg = Debug|Win32
		{35AF1B8E-E395-4F8B-ACA1-6529E2DB97F1}.Debug|x86.Build.0 = Debug|Win32
		{35AF1B8E-E395-4F8B-ACA1-6529E2DB97F1}.Release|x64.ActiveCfg = Release|x64
		{35AF1B8E-E395-4F8B-ACA1-6529E2DB97F1}.Release|x64.Build.0 = Release|x64
		{35AF1B8E-E395-4F8B-ACA1-6529E2DB97F1}.Release|x86.ActiveCfg = Release|Win32
		{35AF1B8E-E395-4F8B-ACA1-6529E2DB97F1}.Release|x86.Build.0 = Release|Win32
	EndGlobalSection
	GlobalSection(SolutionProperties) = preSolution
		HideSolutionNode = FALSE
	EndGlobalSection
	GlobalSection(ExtensibilityGlobals) = postSolution
		SolutionGuid = {FB4B9CB3-9501-4D32-BBC3-C0B3F611FFC0}
	EndGlobalSection
EndGlobal
